
Microsoft Visual Studio Solution File, Format Version 12.00
# Visual Studio 15
VisualStudioVersion = 15.0.28307.1022
MinimumVisualStudioVersion = 10.0.40219.1
Project("{FAE04EC0-301F-11D3-BF4B-00C04F79EFBC}") = "TennisScoreTracker", "TennisScoreTracker\TennisScoreTracker.csproj", "{1806BD4B-2FEF-43B6-AE88-F1B688930D66}"
EndProject
Global
	GlobalSection(SolutionConfigurationPlatforms) = preSolution
		Debug|Any CPU = Debug|Any CPU
		Release|Any CPU = Release|Any CPU
	EndGlobalSection
	GlobalSection(ProjectConfigurationPlatforms) = postSolution
		{1806BD4B-2FEF-43B6-AE88-F1B688930D66}.Debug|Any CPU.ActiveCfg = Debug|Any CPU
		{1806BD4B-2FEF-43B6-AE88-F1B688930D66}.Debug|Any CPU.Build.0 = Debug|Any CPU
		{1806BD4B-2FEF-43B6-AE88-F1B688930D66}.Release|Any CPU.ActiveCfg = Release|Any CPU
		{1806BD4B-2FEF-43B6-AE88-F1B688930D66}.Release|Any CPU.Build.0 = Release|Any CPU
	EndGlobalSection
	GlobalSection(SolutionProperties) = preSolution
		HideSolutionNode = FALSE
	EndGlobalSection
	GlobalSection(ExtensibilityGlobals) = postSolution
		SolutionGuid = {B39F7E31-EBD7-4016-A1ED-B6612943BD69}
	EndGlobalSection
EndGlobal
